version: 1
files:
  src/messages/en.json:
    common.loading: 8524de963f07201e5c086830d370797f
    common.error: 902b0d55fddef6f8d651fe1035b7d4bd
    common.success: 505a83f220c02df2f85c3810cd9ceb38
    common.cancel: ea4788705e6873b424c65e91c2846b19
    common.confirm: 70d9be9b139893aa6c69b5e77e614311
    common.save: c9cc8cce247e49bae79f15173ce97354
    common.edit: 7dce122004969d56ae2e0245cb754d35
    common.delete: f2a6c498fb90ee345d997f888fce3b18
    common.search: 13348442cc6a27032d2b4aa28b75a5d3
    common.submit: a4d3b161ce1309df1c4e25df28694b7b
    common.close: d3d2e617335f08df83599665eef8a418
    common.back: 0557fa923dcee4d0f86b1409f5c2167f
    common.next: 10ac3d04253ef7e1ddc73e6091c0cd55
    common.previous: dd1f775e443ff3b9a89270713580a51b
    common.getStarted: e0c4332e8c13be976552a059f106354f
    common.learnMore: f5395c9793af8a11b406ca7c1ac70da9
    common.lightTheme: 9914a0ce04a7b7b6a8e39bec55064b82
    common.systemTheme: a45da96d0bf6575970f2d27af22be28a
    common.darkTheme: a18366b217ebf811ad1886e4f4f865b2
    common.and: be5d5d37542d75f93a87094459f76678
    navigation.home: 8cf04a9734132302f96da8e113e80ce5
    navigation.dashboard: 2938c7f7e560ed972f8a4f68e80ff834
    navigation.profile: cce99c598cfdb9773ab041d54c3d973a
    navigation.settings: f4f70727dc34561dfde1a3c529b6205c
    navigation.logout: 0323de4f66a1700e2173e9bcdce02715
    navigation.login: 99dea78007133396a7b8ed70578ac6ae
    navigation.signup: d67850bd126f070221dcfd5fa6317043
    navigation.account: 08bd40c7543007ad06e4fce31618f6ec
    navigation.security: 2fae32629d4ef4fc6341f1751b405e45
    navigation.organization: d6b258792ff06f82933c74eeb8aef591
    navigation.members: ef53538ae41a651c7f72ab6cb1135d8c
    navigation.general: 0db377921f4ce762c62526131097968f
    navigation.billing: 780c462e85ba4399a5d42e88f69a15ca
    homePage.title: 4eb9dc8172d62354ffa1612dffc7e4ae
    homePage.subtitle: 314b3a5f069c995cb3230528e4db60d1
    homePage.description: 0e9cf94165c8758c6fa60298327a09b3
    homePage.about: f5395c9793af8a11b406ca7c1ac70da9
    dashboard.title: 2938c7f7e560ed972f8a4f68e80ff834
    dashboard.welcome: ebdf0f490b617d7efa3025d3625cec85
    dashboard.overview: 3b878279a04dc47d60932cb294d96259
    dashboard.recentActivity: 7377550f85f2c8d4eeaf38f17c8eb803
    dashboard.tasks: ef615563c8e8ea902c7fcac3cd2c4246
    dashboard.team: ac848fa228f49ba2b8a5fbd76596817d
    profile.title: cce99c598cfdb9773ab041d54c3d973a
    profile.personalInfo: 61f1667518c8516a8a4fe18686a4e6fc
    profile.name: 49ee3087348e8d44e1feda1917443987
    profile.email: ce8ae9da5b7cd6c3df2929543a9af92d
    profile.updateProfile: fba7f6c863513d97922faab074d3c716
    profile.profileUpdated: efa0ee101de2650ec43bd6860b052e85
    email.welcome.subject: 4a08cc5f2601ef95c6553807100d8bfa
    email.welcome.greeting: de983ccf163c9f26dd8da989c7dd7d69
    email.welcome.title: 4a08cc5f2601ef95c6553807100d8bfa
    email.welcome.congratulations: ee6ee9bfc791f588294ac0d7bad11de9
    email.welcome.getStarted: e0c4332e8c13be976552a059f106354f
    email.welcome.nextSteps: 6a54b71539f7ddc2f7443189b15c6e53
    email.welcome.step1: 82e325ed253122c4b49bbe19d317b191
    email.welcome.step2: 39a32f6015eda54ae90c54d30afbb309
    email.welcome.step3: da13b0cb4cc4c7bdde5471fcadf2a799
    email.welcome.step4: 27ebe2bda9e31744ebcb9398db413954
    email.welcome.features: 9a535fa9d4d8283d442e81691689ab98
    email.welcome.feature1Title: 99f6251e20438afde91c24b702e633b8
    email.welcome.feature1Description: 8ce45e1f942d4e5b9932288fa4980467
    email.welcome.feature2Title: 58b4abfcc0ec21648e59aea6a77ffe9b
    email.welcome.feature2Description: 11831d957ccea2da7a1e89e3e4c27b7b
    email.welcome.feature3Title: ccad0d72709651120d1c41479a940d6d
    email.welcome.feature3Description: 7a8d3f8757a4b906dd695957d64191e3
    email.welcome.feature4Title: f75c51553b8b541e4b7e8feb2616f06a
    email.welcome.feature4Description: 935b83dda4146a08cf27d02bb9b58af3
    email.welcome.support: fa3f497ecfc789c6a867c0ed3b181e37
    email.welcome.accountDetails: 529c97be9feb2a832e0c9e933969a507
    email.welcome.accountCreated: 86bcacfdebaa225baba6e1a7bb3bb618
    email.welcome.footer: f11d4919e252d3bc876a2608847640e3
    email.welcome.copyright: e55075df093e578fbbdd9027d3a5732c
    email.verification.subject: 90e9a34a1e1f7b4a3b85f14114db657c
    email.verification.greeting: ce09f8dfa52a7625d493bdb5da939567
    email.verification.title: 90e9a34a1e1f7b4a3b85f14114db657c
    email.verification.description: 4071da27e607b7c5b55450a1bcc125fd
    email.verification.verifyButton: e49619a8aa73526dccc451323e37d995
    email.verification.alternativeLink: c22c9dd892e62b961e48310e7c62d5d0
    email.verification.linkExpiry: 3c442fd499a608920c6527482e470e18
    email.verification.noAccount: 58d0677811582e0fb20ef950f43264cc
    email.verification.accountDetails: 3a283aae07166fd6808ac0277d9511cf
    email.verification.verificationRequested: b5b282964c4c60be0b6375f391ac5410
    email.verification.footer: d9e614308738f2f9c3c812baa9d4ca5a
    email.verification.copyright: e55075df093e578fbbdd9027d3a5732c
    email.invitation.subject: 9d0711cec30e60604c5158ddd12935b9
    email.invitation.greeting: ce09f8dfa52a7625d493bdb5da939567
    email.invitation.title: 8b9232c9559c8765f76443c0c7c88764
    email.invitation.invitedBy: 1d3fedd9ec4af5755be8cbf08d361a45
    email.invitation.description: 2794cf5dfd38338dda803e62f5a2335a
    email.invitation.acceptInvitation: 2d00d5f4c48ea66cb45772525a74f6ed
    email.invitation.alternativeLink: 91f1d4f5642b3b384d3805a5391120cb
    email.invitation.linkExpiry: 64e61b405f70ded147e9e4bf32f9d9f2
    email.invitation.features: f63b42d3f09441455a03f09c7b862528
    email.invitation.feature1: 9a5947624b8f499f1974170e9e9c539e
    email.invitation.feature2: abb92c24d2492337719e2e570a3a997d
    email.invitation.feature3: c67ac3e9299e370105d7f36459fdbf8a
    email.invitation.feature4: 26ddcf77389486b5d468845d9abf9664
    email.invitation.footer: af2fb90a89e8f3b7a08a183d025d9552
    email.invitation.copyright: e55075df093e578fbbdd9027d3a5732c
    email.passwordReset.subject: 32fe59513f5bbdd353b4527cc6af55ce
    email.passwordReset.greeting: ce09f8dfa52a7625d493bdb5da939567
    email.passwordReset.title: 32fe59513f5bbdd353b4527cc6af55ce
    email.passwordReset.description: 0576e2474d8b4d9804e54d552d7015dd
    email.passwordReset.resetButton: 6072e83b7f35887c76e64920bd370f4a
    email.passwordReset.alternativeLink: c22c9dd892e62b961e48310e7c62d5d0
    email.passwordReset.linkExpiry: fd665ddc13e691d291f772e119c75dcf
    email.passwordReset.noRequest: d93e9a9a5d4475dd13cf6e10e204a8f0
    email.passwordReset.footer: a9a8b594746b536ae0cff24e87277c53
    email.passwordReset.copyright: e55075df093e578fbbdd9027d3a5732c
    email.subscription.subject: 80ba85233e5fc35b066b4055f06fbe4a
    email.subscription.greeting: de983ccf163c9f26dd8da989c7dd7d69
    email.subscription.title: edccd98837a76ec09a64d7217197918e
    email.subscription.confirmation: ae16fd1c0a61896e558edbd303d30bde
    email.subscription.subscriptionDetails: f609904d0509e70aad07fa6174cfc287
    email.subscription.plan: 0b6cbdf7ad2928078f1600a3e8979485
    email.subscription.price: 3601146c4e948c32b6424d2c0a7f0118
    email.subscription.perMonth: 1ac4312c7f68a464862cfde0f86d2e74
    email.subscription.nextBilling: 480e100fa7d6689185a304d8e096db3a
    email.subscription.accessDashboard: 86060d5f6a6ab413e01ab36f0050bdc5
    email.subscription.whatsNext: 58eaebf972358f1cf03d386a4ade1a0f
    email.subscription.step1: 0fd214dcf5048eb63408e514540ec69b
    email.subscription.step2: 5237c7b0e0e60a6d5851456a61b6c7b1
    email.subscription.step3: 74cc08582aa1842f1f346a4fb48f1960
    email.subscription.step4: 9e9ee6fddc7e5931b22f824771047ec7
    email.subscription.premiumFeatures: 6ff825580cadec346a7db1bcfc564838
    email.subscription.feature1Title: 9a2f64d844e3851eb694d972d114f232
    email.subscription.feature1Description: e8bf52d6bde4b12158aa6380ee169680
    email.subscription.feature2Title: 1582056e955143aa5cd41c43b8ae78a4
    email.subscription.feature2Description: e329f583e0df701165efb944ad09bc49
    email.subscription.feature3Title: 12263714905f8495c9849359f7e1f262
    email.subscription.feature3Description: 9ce7bca2e966a04dbca6217168e069ef
    email.subscription.feature4Title: 42985807c793052d6f69495d929fdf9b
    email.subscription.feature4Description: dcbfd8fdf9aa66fab5f6cc42fc062241
    email.subscription.billingInfo: b163d01f94758bf0d34ad7705158eda0
    email.subscription.accountDetails: 44cdb601bd8dbae6d25e40eb034d3faa
    email.subscription.email: ce8ae9da5b7cd6c3df2929543a9af92d
    email.subscription.subscriptionDate: 47a065af22e278928f2d22a5a2cb73fe
    email.subscription.footer: 011d7c62a020c8c86a73c519bb116a84
    email.subscription.copyright: e55075df093e578fbbdd9027d3a5732c
    errors.pageNotFound: d0fbda9855d118740f1105334305c126
    errors.serverError: e9cf31937485185deda2bfd4f7a9f273
    errors.unauthorized: 765abf48d94d963af98c72ae7ab27275
    errors.forbidden: 20db43b7d055ce8bfb7a98357cb23a4b
    errors.somethingWentWrong: 6609dd239e143d00002123326c5e4aad
    errors.tryAgain: 82e50c727674f251464fc7520f5bde26
    errors.contactSupport: d8c98e14ecfc2b3f4a593a58231d6c01
    welcome.organization.description: 44d4f4b00f0abfbfa7954d21055c2ea4
    welcome.organization.form.validation.nameRequired: 8614980979f5074f75d26ce5e5581a32
    welcome.organization.form.validation.nameMaxLength: 99e417877a02dcca1e4df7f46cd425ed
    welcome.organization.form.validation.slugRequired: 4247f28692b7725db044e25b05754705
    welcome.organization.form.validation.slugMaxLength: 2ae234631fb92d888d7829835f315545
    welcome.organization.form.validation.slugFormat: 1b51e774447c577fe9bb5443a9533119
    welcome.organization.form.errors.slugVerificationFailed: 4d11a67147cb3507c321b1e1fe3bdcc1
    welcome.organization.form.errors.slugTaken: 56a22c3d049ba9978076ceae6ee8c3bb
    welcome.organization.form.errors.createFailed: 6328be458ac72e0ac9e4ede78a4b44c3
    welcome.organization.form.errors.unexpectedError: 86f028bdcea05f77586dc26b3bba667f
    welcome.organization.form.status.checkingAvailability: 26615a6d6e63f2904432b8b425ee6e93
    welcome.organization.form.status.slugAvailable: 55908a42a6d1b325fdaf746eca64eaec
    welcome.organization.form.status.slugTaken: 79d492dc1e1ce433e409141bf29d2887
    authUI.SLUG_DOES_NOT_MATCH: 89a6252af2cfa071dab74764a1446db0
    authUI.SLUG_REQUIRED: 4247f28692b7725db044e25b05754705
    authUI.DELETE_ORGANIZATION_INSTRUCTIONS: 8511c3cac546827afb8226543b57d379
    authUI.DELETE_ORGANIZATION_SUCCESS: a62bf5738c6ee8b5e7075ec9bba9a5da
    authUI.DELETE_ORGANIZATION_DESCRIPTION: e05aa9778bd874ebb89e57c227368c0a
    authUI.DELETE_ORGANIZATION: fe600c6d4cca7d18968f0393314bedb2
    authUI.INVITATION_EXPIRED: 23ab67c02440da3366b648dc3bc6e371
    authUI.REJECT: d98ac12774fca5c3cbaffe276840c55f
    authUI.ACCEPT: c4408d335012a56ff58937d78050efad
    authUI.INVITATION_REJECTED: 4c75f8b27ab6b90eec5bca5a867bbad0
    authUI.INVITATION_ACCEPTED: f48a6b9bcca736f327bb76dad3cf124c
    authUI.ACCEPT_INVITATION_DESCRIPTION: 412c03d5ccb3ac07ffa2ed1c8d090966
    authUI.ACCEPT_INVITATION: 2d00d5f4c48ea66cb45772525a74f6ed
    authUI.INVITATION_CANCELLED: ad5b8d55d819bd633aa713d83e8b99ee
    authUI.CANCEL_INVITATION: dbc4ab387902f5890b68aac0dc5ac2ad
    authUI.PENDING_INVITATIONS_DESCRIPTION: 12b98629b9db79eccd0adcc9c96767e6
    authUI.PENDING_INVITATIONS: cd5c1583e1cf121078bd6834b94c390b
    authUI.SEND_INVITATION_SUCCESS: 0400cf388e8d9ac4a04b7795fbbf81e6
    authUI.SEND_INVITATION: c98bb69b0b5f0d2e54a751534306990b
    authUI.MEMBER_ROLE_UPDATED: 1f04e2d8ef5743407ebd37ed7b93d75a
    authUI.UPDATE_ROLE: f30093c473bb5cbcdc3c4b40510b94cf
    authUI.UPDATE_ROLE_DESCRIPTION: a9f8c50f5fb4ad99a2602441337946e9
    authUI.OWNER: b6f4a2ec6356bbd56d49f2096bf9d3d3
    authUI.GUEST: adb831a7fdd83dd1e2a309ce7591dff8
    authUI.MEMBER: 858ba4765e53c712ef672a9570474b1d
    authUI.ADMIN: e3afed0047b08059d0fada10f400c1e5
    authUI.SELECT_ROLE: 426f18770bd593d4e85931b6fef5cf56
    authUI.ROLE: bbbabdbe1b262f75d99d62880b953be1
    authUI.INVITE_MEMBER_DESCRIPTION: 47d8317dacb63cc5632628a1743c788f
    authUI.MEMBERS_INSTRUCTIONS: cf55224e76fe11c36760b18b2c216b21
    authUI.MEMBERS_DESCRIPTION: 9c1e64442b62c64f68a346f4d5112f4b
    authUI.MEMBERS: ef53538ae41a651c7f72ab6cb1135d8c
    authUI.INVITE_MEMBER: 93be65a066108d774846987678068fda
    authUI.REMOVE_MEMBER_SUCCESS: 9d0c654c1cf8a53fb32ff0dc209f0277
    authUI.REMOVE_MEMBER_CONFIRM: 9992ddc32de397c73e03a628b2f1e9d1
    authUI.REMOVE_MEMBER: 5f76745afd9e5ee8676f8949544bfb1a
    authUI.MANAGE_ORGANIZATION: 432e65a12e49c5ddb5197aa74a748a82
    authUI.LEAVE_ORGANIZATION_SUCCESS: 36a0b7483f4f841cd6c29f22f039e0df
    authUI.LEAVE_ORGANIZATION_CONFIRM: 5ef69d710e62d121537fdf6d34680a8c
    authUI.LEAVE_ORGANIZATION: 172ccc9d5b0d1391c2207a03c56ed009
    authUI.ORGANIZATIONS_INSTRUCTIONS: 98c3f5a3d13c0921935c929e073bd499
    authUI.ORGANIZATIONS_DESCRIPTION: 606efbb66ff172397f5022e8e40374ae
    authUI.ORGANIZATIONS: fe8d31f91681817b4b1438c2933b8b75
    authUI.CREATE_ORGANIZATION: dc175a42f28a118ca86e17792d2e40eb
    authUI.USER: 8f9bfe9d1345237cb3b2b205864da075
    authUI.BY_CONTINUING_YOU_AGREE: 41e723a9cb4c695ee74db8259541ed00
    authUI.PROTECTED_BY_RECAPTCHA: ae827781d784fa960641d722fce97bd0
    authUI.TERMS_OF_SERVICE: 3b6c2b4caaf4f14f8d7feeddc4ac3f4d
    authUI.PRIVACY_POLICY: fa2ead697d9998cbc65c81384e6533d5
    authUI.DELETE_LOGO: c117e2e907cd6a538339a0cb036bc16f
    authUI.UPLOAD_LOGO: 400cd2c451482ff9830bf3ef2f6232f4
    authUI.UPLOAD: 91412465ea9169dfd901dd5e7c96dd99
    authUI.LOGO_INSTRUCTIONS: 034497025c41b382eee77d8164f1f895
    authUI.LOGO_DESCRIPTION: 92555fb66b287242468c4a616c1487d4
    authUI.LOGO: 8c2857a9ad1d8f31659e35e904e20fa6
    authUI.UPLOAD_AVATAR: 78fa9a3de429f0a20ba049ce9b9cdc50
    authUI.SESSION_NOT_FRESH: 550d0734cfdc682c5f77ce336296ac58
    authUI.GO_BACK: 22b653bd8d2edcebb9e0036b4ac79262
    authUI.VERIFY_YOUR_EMAIL_DESCRIPTION: d510e89cb30864ea49204b671437da7a
    authUI.VERIFY_YOUR_EMAIL: 9b767094721b25983b22dc98ea177e2f
    authUI.SIGN_IN_USERNAME_PLACEHOLDER: c8b1d00cf350d4af96cd763852d9c520
    authUI.USERNAME_PLACEHOLDER: f6039d44b29456b20f8f373155ae4973
    authUI.USERNAME_INSTRUCTIONS: 1d9872bc27d142b25b907943cf7a0675
    authUI.USERNAME_DESCRIPTION: 0c88986397d088646f31cc5c728070e6
    authUI.USERNAME: f6039d44b29456b20f8f373155ae4973
    authUI.UPDATED_SUCCESSFULLY: 3f9b87832191fff1d2136c2c2d699e76
    authUI.UNLINK: c1a39b6a60f8b2f87e23d60ab649d994
    authUI.SEND_VERIFICATION_CODE: 7e2700a685f079c40850288692875da8
    authUI.TWO_FACTOR_TOTP_LABEL: 71c0f214eb55953ffc00282ed1dc59ec
    authUI.TWO_FACTOR_PROMPT: a60cdd3642fbe81545a3b93fe2b19dd6
    authUI.TWO_FACTOR_DISABLED: 660534dd3df8a215dda588e7bbb35436
    authUI.TWO_FACTOR_ENABLED: 6a8d4351018ab80781a8cc0e1e4eb02b
    authUI.TWO_FACTOR_ENABLE_INSTRUCTIONS: 9b876f9d2939d546ae40310c5491233e
    authUI.TWO_FACTOR_DISABLE_INSTRUCTIONS: 6b05e3512afc05e95f00881d78f47fa7
    authUI.TWO_FACTOR_CARD_DESCRIPTION: c5cd2026acb37ff1c740834b34580645
    authUI.TWO_FACTOR_DESCRIPTION: 1217adf8cb809b333bd61a7bac5d8cae
    authUI.TWO_FACTOR_ACTION: 19a670b5e88dd1c460c6848ef0aea66f
    authUI.TWO_FACTOR: fd921cd7108ed8e0e78e42770a191c6c
    authUI.TRUST_DEVICE: c13d4d68646284b1bfa04a6275552768
    authUI.SWITCH_ACCOUNT: 3070961f4a1f186d4ab5331a23da9865
    authUI.ACCOUNT: 08bd40c7543007ad06e4fce31618f6ec
    authUI.SECURITY: 2fae32629d4ef4fc6341f1751b405e45
    authUI.SECURITY_DESCRIPTION: 2eb5e4319897d247f30b77f2e3a18d8a
    authUI.CHANGE_PASSWORD: 8f1e77e0d2be21da93cd4d9a939148f7
    authUI.CHANGE_PASSWORD_SUCCESS: 74652b4b4b9241eb3b417cb099c9626c
    authUI.CHANGE_PASSWORD_DESCRIPTION: 43d4ec6c313b95bdb82a4a6898930db7
    authUI.CURRENT_PASSWORD: 4bc28f132d571b160ba407e143915de2
    authUI.NEW_PASSWORD: ae3bb2a1ac61750150b606298091d38a
    authUI.CONFIRM_NEW_PASSWORD: 294ec22d2c13a4ee81c753f4ca38a095
    authUI.SIGN_OUT: 375e08625a2c38089b9e3a60f0e68325
    authUI.SIGN_OUT_ALL_DEVICES: 1c1e448f1be3e10674ed0188c6c5a502
    authUI.SIGN_OUT_ALL_DEVICES_DESCRIPTION: 6fd80d933d09ad1840198fa05157349e
    authUI.SIGN_OUT_ALL_DEVICES_SUCCESS: ed4a136b1e68b65617ef59d80b10e228
    authUI.SIGN_OUT_ALL_DEVICES_CONFIRM: 0a850ab7026b3fd96e7d640593d6321e
    authUI.SIGN_OUT_OTHER_DEVICES: 81a96bca8b0b4dd3925417ee98b23621
    authUI.SIGN_OUT_OTHER_DEVICES_SUCCESS: 131ad1468d256b2c1fa38713ba11b231
    authUI.SIGN_OUT_OTHER_DEVICES_CONFIRM: ce7aa78ebc33173d288a61c1f8d787da
    authUI.SIGN_OUT_SUCCESS: 83071dae7fcca103a61fcbfa52567442
    authUI.SIGN_OUT_CONFIRM: 6dcc8f79716dbd2d66741c4bcb5f25ae
    authUI.SIGN_IN: f2fdea440d768b85591e936a803c3631
    authUI.SIGN_IN_DESCRIPTION: db3a8b097a5d9ea13e25d3bf9e34b75f
    authUI.SIGN_IN_SUCCESS: bfd2ea1766223a153006973e74a9557e
    authUI.SIGN_UP: d67850bd126f070221dcfd5fa6317043
    authUI.SIGN_UP_ACTION: 2fdfd506efea08144c0794c32ca8250a
    authUI.SIGN_UP_DESCRIPTION: e69c1bf840317c58fddb21640b759ce2
    authUI.SIGN_UP_SUCCESS: 2f762114286754e74aaf62ca5bc58dfe
    authUI.SETTINGS: f4f70727dc34561dfde1a3c529b6205c
    authUI.SETTINGS_DESCRIPTION: eac14c5f74fcd2f1b5d15116f364bd82
    authUI.SESSIONS: a9c4b6c9fbd990849d1f128dfc4ed3e7
    authUI.SESSIONS_DESCRIPTION: e40f9028b042731ccd81efd1907a05c6
    authUI.SESSIONS_REVOKE: bc8944f2b7cc74db68ff0e2fb61a221f
    authUI.SESSIONS_REVOKE_SUCCESS: f0c0a4979542dc6bc87afed5e89b14ef
    authUI.SESSIONS_REVOKE_CONFIRM: 42db1dbe8598fc86cef2d29e6a26d2b4
    authUI.SESSIONS_REVOKE_ALL: c50573bb5bc0764e00b28b40938eae07
    authUI.SESSIONS_REVOKE_ALL_SUCCESS: 8652794a502e0715bf1d59149b4c13ec
    authUI.SESSIONS_REVOKE_ALL_CONFIRM: d01e89853771034110555b7f4967e590
    authUI.SESSIONS_CURRENT: c620aba920847791d92fee85fd52208d
    authUI.SESSIONS_EXPIRES: cfc36842a01da69c484ffdcc6782f437
    authUI.SESSIONS_DEVICE: e0ac20adce6ffee48c7151b070aa5737
    authUI.SESSIONS_LOCATION: ce5bf551379459c1c61d2a204061c455
    authUI.SESSIONS_IP: 5b8c99dad1893a85076709b2d3c2d2d0
    authUI.SESSIONS_LAST_ACTIVE: b32a44eacdc49c3939c6a61405d25650
    authUI.PASSKEY: 816da2672a1205347a4ae8e9eb25f0bd
    authUI.PASSKEY_DESCRIPTION: 7058d70099d6f23692f214fd99e6ca50
    authUI.PASSKEY_SUCCESS: 501648df552a9416e2f062b36f181613
    authUI.PASSKEY_ERROR: 6150f3b996b34f121a06be374891e55a
    authUI.PASSKEY_NOT_SUPPORTED: cee7678c332a8097f912ba1a60a1a628
    authUI.PASSKEY_CREATE: ba36326088133f17b4eb89b1e2482073
    authUI.PASSKEY_CREATE_SUCCESS: 2e3e0e273f0eb654ad5d479a6258be61
    authUI.PASSKEY_CREATE_ERROR: e2fa94b890ec618f69467fb0f7c87bee
    authUI.PASSKEY_DELETE: 7425891fea762e0055c8bf769afc8338
    authUI.PASSKEY_DELETE_SUCCESS: c328e3f933914cdff0369ce261c32bf6
    authUI.PASSKEY_DELETE_ERROR: 882923093e9e20b02b81490157018ac3
    authUI.PASSKEY_DELETE_CONFIRM: 90aec63addaad63a6e85623acd732e69
    authUI.PASSKEY_LIST: f6caba65142b6763331050dec8b8509d
    authUI.PASSKEY_LIST_DESCRIPTION: 5f6452320847b432de4bce6375695242
    authUI.PASSKEY_NAME: 249c4f546691e5b9b62179c8d34176be
    authUI.PASSKEY_CREATED: 0eceeb45861f9585dd7a97a3e36f85c6
    authUI.PASSKEY_LAST_USED: 3b76a1f6eacb8549628a549d808ef9d9
    authUI.CONTINUE: a0bfb8e59e6c13fc8d990781f77694fe
    authUI.CONTINUE_WITH: 8a2c894dbe6fd02d77414579f95f8cff
    authUI.CONTINUE_WITH_PROVIDER: 732dc566093f8659c8fb8183a9b89dfe
    authUI.BACK: 0557fa923dcee4d0f86b1409f5c2167f
    authUI.NEXT: 10ac3d04253ef7e1ddc73e6091c0cd55
    authUI.CANCEL: ea4788705e6873b424c65e91c2846b19
    authUI.DONE: f92965e2c8a7afb3c1b9a5c09a263636
    authUI.SAVE: c9cc8cce247e49bae79f15173ce97354
    authUI.EDIT: 7dce122004969d56ae2e0245cb754d35
    authUI.DELETE: f2a6c498fb90ee345d997f888fce3b18
    authUI.CONFIRM: 70d9be9b139893aa6c69b5e77e614311
    authUI.RESET: 526d688f37a86d3c3f27d0c5016eb71d
    authUI.SUBMIT: a4d3b161ce1309df1c4e25df28694b7b
    authUI.LOADING: 8524de963f07201e5c086830d370797f
    authUI.SUCCESS: 505a83f220c02df2f85c3810cd9ceb38
    authUI.ERROR: 902b0d55fddef6f8d651fe1035b7d4bd
    authUI.WARNING: 0eaadb4fcb48a0a0ed7bc9868be9fbaa
    authUI.INFO: 4059b0251f66a18cb56f544728796875
    authUI.YES: 93cba07454f06a4a960172bbd6e2a435
    authUI.NO: bafd7322c6e97d25b6299b5d6fe8920b
    authUI.OK: e0aa021e21dddbd6d8cecec71e9cf564
    authUI.CLOSE: d3d2e617335f08df83599665eef8a418
    authUI.OPEN: c3bf447eabe632720a3aa1a7ce401274
    authUI.SHOW: 498f79c4c5bbde77f1bceb6c86fd0f6d
    authUI.HIDE: 62a5e490880a92eef74f167d9dc6dca0
    authUI.VIEW: 4351cfebe4b61d8aa5efa1d020710005
    authUI.COPY: 5fb63579fc981698f97d55bfecb213ea
    authUI.COPIED: a588b1abc58b8b758c4b34b69b9e10bb
    authUI.COPY_LINK: 78fc13f46174a57416493b60e99777c7
    authUI.SHARE: 5a95a425f74314a96f13a2f136992178
    authUI.SEND: 94966d90747b97d1f0f206c98a8b1ac3
    authUI.RESEND: 1c0b8f236cc7ad13254af9a32ea15be8
    authUI.VERIFY: 5a750f86ef41f22f852c43351e3ff383
    authUI.DONT_HAVE_AN_ACCOUNT: a5f61298da21626d0f490ebd06ecd811
    authUI.ALREADY_HAVE_AN_ACCOUNT: 21bdc5689c12595ae14298354d5550d5
    authUI.CONFIRM_PASSWORD: 887f7db126221fe60d18c895d41dc8f6
    authUI.FORGOT_PASSWORD: 9ec54ec336b65da6179cf750de33ecd7
    authUI.FORGOT_PASSWORD_LINK: 38c8c1f4156fa91158ebbcee727da0b0
    authUI.FORGOT_PASSWORD_DESCRIPTION: 112e3f80f3adea9132b2a1e43ccadabc
    authUI.RESET_PASSWORD: 6072e83b7f35887c76e64920bd370f4a
    authUI.RESET_PASSWORD_DESCRIPTION: 6d6f7dca13165df352d071eb74e96476
    authUI.RESET_PASSWORD_SUCCESS: b086e39450cc1801a75d6eb86f9642b8
    authUI.RESET_PASSWORD_EMAIL_SENT: baaa4e499a8beb313dcdf72afd8a5690
    authUI.RESET_PASSWORD_INSTRUCTIONS: 8d59c322cf6deb8d40a43a84e8230959
    authUI.EMAIL: ce8ae9da5b7cd6c3df2929543a9af92d
    authUI.EMAIL_PLACEHOLDER: 95d3fa6b9e69c588a333f4e78139a7cd
    authUI.EMAIL_VERIFICATION_SENT: 3471c8067a893ae91eaf6bbf4353170f
    authUI.EMAIL_VERIFICATION_INSTRUCTIONS: bde103a31b3eb7251c131d62aa71228c
    authUI.EMAIL_VERIFIED: 204af3f2644049d4800b98caa8557dc0
    authUI.EMAIL_NOT_VERIFIED: 9e5ca968d994696dbf149f913e5b0df7
    authUI.PASSWORD: dc647eb65e6711e155375218212b3964
    authUI.PASSWORD_PLACEHOLDER: e8d28194f9b3498d21fbda21321d0226
    authUI.PASSWORD_REQUIREMENTS: db062c37c4979b52840c9f9a74003c52
    authUI.PASSWORD_STRENGTH: 6d384e030115bc0683af56b09a9584ec
    authUI.PASSWORD_WEAK: 7324e3727807d95037eb19d304fd91ec
    authUI.PASSWORD_MEDIUM: 87f8a6ab85c9ced3702b4ea641ad4bb5
    authUI.PASSWORD_STRONG: c43e0fd449c758dab8f891d8e19eb1a9
    authUI.REMEMBER_ME: 878530871f0db73f004f5bd6591eeb76
    authUI.ALREADY_HAVE_ACCOUNT: 21bdc5689c12595ae14298354d5550d5
    authUI.DONT_HAVE_ACCOUNT: a5f61298da21626d0f490ebd06ecd811
    authUI.NEED_HELP: 4bd9ef088a14b5f6fd9ef86e6f33037f
    authUI.CONTACT_SUPPORT: c08c272bc5648735d560f0ba5114a256
    authUI.LEARN_MORE: f5395c9793af8a11b406ca7c1ac70da9
    authUI.GET_STARTED: e0c4332e8c13be976552a059f106354f
    authUI.WELCOME: 83218ac34c1834c26781fe4bde918ee4
    authUI.WELCOME_BACK: ebdf0f490b617d7efa3025d3625cec85
    authUI.HELLO: 8b1a9953c4611296a827abf8c47804d7
    authUI.GOODBYE: 6fc422233a40a75a1f028e11c3cd1140
    authUI.THANK_YOU: 7a7c46aab7e07559c6f7a8b25f2b9ef4
    authUI.PLEASE_WAIT: 25e8f2fd2871c8423bbe4e254066cd98
    authUI.PROCESSING: 21d104a54fc71a19a325c7305327f1d2
    authUI.SAVING: 575f5f86d2c7ea113c6710c1037c4465
    authUI.LOADING_DOTS: 8524de963f07201e5c086830d370797f
    authUI.RETRY: 6327b4e59f58137083214a1fec358855
    authUI.TRY_AGAIN: f915a95e609bbd517a8a1e7bdcceef37
    authUI.SOMETHING_WENT_WRONG: 6609dd239e143d00002123326c5e4aad
    authUI.UNEXPECTED_ERROR: 9789e322478c6f2d59e93d020808642a
    authUI.NETWORK_ERROR: 42cd08444ffd9823bf4a06c4e5f8dec6
    authUI.TIMEOUT_ERROR: db669c6377ab90eef78800a48fd4a453
    authUI.VALIDATION_ERROR: ad92169e95e13b3fcd8bad5afedbd49b
    authUI.FIELD_REQUIRED: 0511ee0d41117aa7b4abaaf102aa513d
    authUI.FIELD_INVALID: 24e70577722f76a8245415c0a344b96c
    authUI.EMAIL_INVALID: 6fc78ea6908a7cbd0b36f7bc468b4275
    authUI.PASSWORD_TOO_SHORT: 8b147baa4738ca7c910a5bf6d4c60cbb
    authUI.PASSWORD_TOO_LONG: e09f0eb3c67b7504a545899ebc961542
    authUI.PASSWORDS_DONT_MATCH: e2ba330f230333cf40ad533366d9f1ce
    authUI.TERMS_REQUIRED: 49bc02cf0b62b4e2ba4b3b6e517f7223
    authUI.PRIVACY_REQUIRED: 230a12ad0096a27a700723b7f7dd6710
    authUI.CAPTCHA_REQUIRED: 2236e5216f10050f75b8dc2049027601
    authUI.ACCOUNT_LOCKED: 5cb7e7ed67b20eb3d60901eaaac7bdd3
    authUI.ACCOUNT_SUSPENDED: 3c4ad6bc13837bc581617a1c75011ccb
    authUI.ACCOUNT_NOT_FOUND: c503a3918498fd5d26bdcba8ed6cc7d8
    authUI.ACCOUNT_EXISTS: 28455cdcb848ab5851596aba6e499832
    authUI.INVALID_CREDENTIALS: e6839791f53e4ed1e3414df947a2f1a5
    authUI.EXPIRED_TOKEN: 7398705c9d22c65e23fae15c30e07149
    authUI.INVALID_TOKEN: 607e1d854783c8229998ac2b5b6923d3
    authUI.UNAUTHORIZED: e06d1ba70f1331e9f9a113cc2f887d3f
    authUI.FORBIDDEN: 722969577a96ca3953e84e3d949dee81
    authUI.NOT_FOUND: 9e076f5885f5cc16a4b5aeb8de4adff5
    authUI.RATE_LIMITED: eeb13468b73d93fa8bcbe3ebae6df720
    authUI.SERVER_ERROR: 731e024ead4b1b6cdedeb8e74373c451
    authUI.MAINTENANCE: bae96e792f1e9ccdd0fa3c081083fb31
    authUI.COMING_SOON: 81151a1669ebd695e837f304a0d8ec79
    authUI.USER_ALREADY_HAS_PASSWORD: 9046169aafaaa9ae22a2a5c7cdefb76a
    authUI.FAILED_TO_UNLINK_LAST_ACCOUNT: 0813b4d2f287a6cd00b551bac945929f
    authUI.SESSION_EXPIRED: 1a5465f9824cd66eb107848ee6f1d902
    authUI.CREDENTIAL_ACCOUNT_NOT_FOUND: 6e45024c0f45251453735b0553059183
    authUI.EMAIL_CAN_NOT_BE_UPDATED: 96b54ed1cf027c7745b05ffbb0a17bad
    authUI.USER_EMAIL_NOT_FOUND: e46bf997c1c76e1f25a5db64ec4f9ed7
    authUI.FAILED_TO_GET_USER_INFO: 18c20d024832c988106ecb6971f2c6b9
    authUI.ID_TOKEN_NOT_SUPPORTED: 88e0c95a05de18220528c50084db5412
    authUI.PROVIDER_NOT_FOUND: 141151fe3273bd4d4fd3df7cf8ed3eda
    authUI.SOCIAL_ACCOUNT_ALREADY_LINKED: 57fcba84d54ccbe64fc3e659fb82ebef
    authUI.INVALID_EMAIL_OR_PASSWORD: 2abaf354cded8da0ff72d3082cf720b0
    authUI.INVALID_PASSWORD: cba0b206627d45fbf0ae707e20d4a38f
    authUI.FAILED_TO_GET_SESSION: d91895017e5fa8f0e208e4935a4064c8
    authUI.FAILED_TO_UPDATE_USER: 7f0ba385ad5cc57e0c61f07c387e1408
    authUI.FAILED_TO_CREATE_SESSION: 41bb7e7ba4903d3ff3870b98c857fc04
    authUI.BANNED_USER: 5749cd605ed65b41927d3962b763765a
    authUI.YOU_ARE_NOT_ALLOWED_TO_SET_USERS_PASSWORD: c8be740938aa998d238ec4902ce040b2
    authUI.YOU_ARE_NOT_ALLOWED_TO_DELETE_USERS: 4f3d4a5ba08fbaf03cb166f914db0d02
    authUI.YOU_ARE_NOT_ALLOWED_TO_REVOKE_USERS_SESSIONS: 478a3617cf21734cf2f470e7ff93a275
    authUI.YOU_ARE_NOT_ALLOWED_TO_IMPERSONATE_USERS: aa44cbbae4615cdf7ff7794c6d9bc917
    authUI.YOU_ARE_NOT_ALLOWED_TO_BAN_USERS: dcc2f9afe773fd5abd991468a55b6245
    authUI.YOU_ARE_NOT_ALLOWED_TO_LIST_USERS_SESSIONS: aa8c2318c740952a7a9ef9e7d04aed87
    authUI.YOU_ARE_NOT_ALLOWED_TO_LIST_USERS: d81a8ea1df2b9992d43c64fe53b34a22
    authUI.YOU_ARE_NOT_ALLOWED_TO_CREATE_USERS: 5ca38b6c43343270623756f537619c05
    authUI.YOU_ARE_NOT_ALLOWED_TO_CHANGE_USERS_ROLE: 7be37cbd50ab23de9551eb0893e729eb
    authUI.YOU_CANNOT_BAN_YOURSELF: 2e66183e582f837f3db9bc01afc4cece
    authUI.USER_ALREADY_EXISTS: bd454fc3d32f4425d146d3e861409871
    authUI.ANONYMOUS_USERS_CANNOT_SIGN_IN_AGAIN_ANONYMOUSLY: e3b07518a74f19d01cd4ef857010e4ea
    authUI.COULD_NOT_CREATE_SESSION: 8a7bd6a5a571a43703699eb6e3ebb1d4
    authUI.FAILED_TO_CREATE_USER: 8538c89b521145feca318e9f8ed11393
    authUI.SERVER_ONLY_PROPERTY: 0bd853f3f8cd3aeca41698f6e6f846d1
    authUI.INVALID_API_KEY_GETTER_RETURN_TYPE: 15b7e760ca9f26a659005a84beecea09
    authUI.INVALID_USER_ID_FROM_API_KEY: ae995e57814b5b2595633ee018150b09
    authUI.INVALID_API_KEY: 88dca3cc785d5f8f4569e346a842c029
    authUI.KEY_DISABLED_EXPIRATION: a619ea940bedd50051f1b533029a5395
    authUI.NO_VALUES_TO_UPDATE: d45eda8b746482f40c842d523868f190
    authUI.RATE_LIMIT_EXCEEDED: efce4fc1964885ae24927ad760d8d6ba
    authUI.METADATA_DISABLED: f1c0bf72252d1a743f8d960f3e0c033c
    authUI.INVALID_NAME_LENGTH: 8d0ec71a58aabd4aef3f948db5949258
    authUI.INVALID_PREFIX_LENGTH: aa3e8aa35678ea098b2d75327fdbbd52
    authUI.INVALID_REMAINING: 06c4e6aca954dd996acf2e9c4909b75f
    authUI.EXPIRES_IN_IS_TOO_LARGE: 38b4f7f635c5e42db19a99f37719b51b
    authUI.EXPIRES_IN_IS_TOO_SMALL: 9286237a9046daa1be58fdd683e8a97a
    authUI.KEY_NOT_RECOVERABLE: 9227db8f28fe5038144b5db13e612628
    authUI.USAGE_EXCEEDED: 7062bc27a3b0217f2ee2efaeb5a67d50
    authUI.KEY_EXPIRED: e768180ef6fcf489db99422556ac0ff4
    authUI.KEY_DISABLED: cf71f0b161db736356f30a6b042dcfac
    authUI.KEY_NOT_FOUND: 92926cce5f2c15b3134fc09873a1c8ec
    authUI.UNAUTHORIZED_SESSION: fbfaa964a73055ffaf2c98533f222ded
    authUI.USER_BANNED: e8c246696e9df1f9444717f124b1a4a4
    authUI.REFILL_INTERVAL_AND_AMOUNT_REQUIRED: 2609e95e2b45152209907bbfd82f5047
    authUI.REFILL_AMOUNT_AND_INTERVAL_REQUIRED: 92e2aed0d0f53384221e0eab2dea75d2
    authUI.INVALID_METADATA_TYPE: c8400801fe541293bc4b4588851bf5de
    authUI.UNKNOWN_ERROR: aee9784c03b80d38d3271cde2b252b8d
    authUI.MISSING_RESPONSE: a58d0539cbd9f6a2b0657383f7e7b62c
    authUI.VERIFICATION_FAILED: 00d5ef7a9e107dd42de216656ab32c38
    authUI.SERVICE_UNAVAILABLE: 9ed1d9418efab93ff8b4b1793913fabe
    authUI.MISSING_SECRET_KEY: 2b3e591a059820f945007305d21f3259
    authUI.TOO_MANY_ATTEMPTS: 4aa67516afa37316279726bbdc00cc47
    authUI.USER_NOT_FOUND: b846d1144d90307e0cfa35b918a98a98
    authUI.INVALID_EMAIL: 681c7d68f4df5cdfbe3e1a29d22c275a
    authUI.INVALID_OAUTH_CONFIGURATION: ef5bfa332d99c87e8a1cf77a1e45183e
    authUI.PASSWORD_COMPROMISED: b263174640916f20ac3f0785a554f4c8
    authUI.INVALID_SESSION_TOKEN: 6e05697518e6eb9650d40ac48ce10cd6
    authUI.INVITATION_LIMIT_REACHED: 2a51b60c89813faf384e26c5b9f1ce19
    authUI.YOU_ARE_NOT_ALLOWED_TO_DELETE_THIS_TEAM: 7cc577cb36e346e08b327d08efb64757
    authUI.YOU_ARE_NOT_ALLOWED_TO_UPDATE_THIS_TEAM: 52f1b648bc70a1b7a88b4725c1734b3a
    authUI.YOU_ARE_NOT_ALLOWED_TO_DELETE_TEAMS_IN_THIS_ORGANIZATION: 63117d2b317ac1d4a4d7ed30af8e26ba
    authUI.YOU_ARE_NOT_ALLOWED_TO_CREATE_TEAMS_IN_THIS_ORGANIZATION: 33a61a398a9928d0eeaf22a13b6b5708
    authUI.ORGANIZATION_MEMBERSHIP_LIMIT_REACHED: b6d4552f169690ab1887ae313158c7a2
    authUI.YOU_ARE_NOT_ALLOWED_TO_UPDATE_THIS_MEMBER: 22346a673e71ead8eef3f3005b9d43a3
    authUI.UNABLE_TO_REMOVE_LAST_TEAM: c8f6e829b6f919779f061c3beec139fb
    authUI.YOU_HAVE_REACHED_THE_MAXIMUM_NUMBER_OF_TEAMS: f96f7f37e1e4bd93affd79d950ac00d9
    authUI.FAILED_TO_RETRIEVE_INVITATION: 7f5675bf594f74375100505ef555e9b8
    authUI.YOU_ARE_NOT_ALLOWED_TO_INVITE_USER_WITH_THIS_ROLE: def17b6705e136173ab62544ea4666b8
    authUI.INVITER_IS_NO_LONGER_A_MEMBER_OF_THE_ORGANIZATION: b2c1a664e31755364ce287fe8650f219
    authUI.YOU_ARE_NOT_ALLOWED_TO_CANCEL_THIS_INVITATION: f824d4b0cea6e30a863c22d9112cffe9
    authUI.YOU_ARE_NOT_THE_RECIPIENT_OF_THE_INVITATION: 029c981c9a8108a979c83d9be3910e50
    authUI.INVITATION_NOT_FOUND: 58ce35854a70f61ee50afa8ff33bebb3
    authUI.USER_IS_ALREADY_INVITED_TO_THIS_ORGANIZATION: 793c6e183fe511d0d237486a4cd61113
    authUI.YOU_ARE_NOT_ALLOWED_TO_INVITE_USERS_TO_THIS_ORGANIZATION: 987ae47ad6f4c9a93e389cb93d646e4a
    authUI.YOU_ARE_NOT_ALLOWED_TO_DELETE_THIS_MEMBER: 28ff661365c6d0f0a894d0c52031fca4
    authUI.YOU_CANNOT_LEAVE_THE_ORGANIZATION_AS_THE_ONLY_OWNER: 92e1039554fb36640b3a00ab80fbe61e
    authUI.TEAM_NOT_FOUND: 4dd1450ff1ca996f4638eea9529c2455
    authUI.TEAM_ALREADY_EXISTS: f8cfe388d045b99c24fc1bbee1d79e9c
    authUI.YOU_ARE_NOT_ALLOWED_TO_CREATE_A_NEW_TEAM: 026969f1bb24c8710329e3636bd98683
    authUI.ROLE_NOT_FOUND: 6a2fcf4e10685a0c1eb6f255c89f01f5
    authUI.MEMBER_NOT_FOUND: f1d1af91ccefbc3a4bc7ccddfdbe6b26
    authUI.USER_IS_ALREADY_A_MEMBER_OF_THIS_ORGANIZATION: 6ee3a2555cbebaffb8e0c19a5ef554a2
    authUI.NO_ACTIVE_ORGANIZATION: f4e0c8aac37cc8cafe5198ad7004e703
    authUI.YOU_ARE_NOT_ALLOWED_TO_DELETE_THIS_ORGANIZATION: 31ef7325eafa8af52f78d68d124f845c
    authUI.YOU_ARE_NOT_ALLOWED_TO_UPDATE_THIS_ORGANIZATION: 46e1353b57880f1a8c94b3440ae3d006
    authUI.USER_IS_NOT_A_MEMBER_OF_THE_ORGANIZATION: 4c67c2f9e15e56f3c23953c5271b0689
    authUI.ORGANIZATION_NOT_FOUND: c800263b6b6746eab595adac80327141
    authUI.ORGANIZATION_ALREADY_EXISTS: 4ad42a0d093cd8541811d98c4ecaa187
    authUI.YOU_HAVE_REACHED_THE_MAXIMUM_NUMBER_OF_ORGANIZATIONS: bcfbf9b29b9b6961a35168b08c98d171
    authUI.YOU_ARE_NOT_ALLOWED_TO_CREATE_A_NEW_ORGANIZATION: ce839fbeea9bbf6331d9ba72c49f2f0e
    authUI.FAILED_TO_UPDATE_PASSKEY: 40dfe901c4ad5e59cd6d74d1bc454241
    authUI.UNABLE_TO_CREATE_SESSION: 7b1438b988015f218673377921d7908d
    authUI.AUTHENTICATION_FAILED: d4e6d6c42bf3eb807b8778255a4ce415
    authUI.PASSKEY_NOT_FOUND: 0f2a8e6cbcbffdbc3fd4720b58c2fef9
    authUI.FAILED_TO_VERIFY_REGISTRATION: a6b90bb56a37c3ef3c80699267fe54a8
    authUI.YOU_ARE_NOT_ALLOWED_TO_REGISTER_THIS_PASSKEY: 960ceb79ff720dd1f1aa38abac9678c1
    authUI.CHALLENGE_NOT_FOUND: cdec2e0e401e7681579059ce185cb424
    authUI.PHONE_NUMBER_NOT_VERIFIED: 4a8ad01828387b2481bd40d4551f9ac7
    authUI.INVALID_OTP: e614dff8cba6f73ae7cee729fe0091dd
    authUI.OTP_EXPIRED: 20c67a764ddf8b26ab0a20cf9a0ee6c1
    authUI.OTP_NOT_FOUND: 3c2e1be33bb998b5612e17fb2647e3f6
    authUI.INVALID_PHONE_NUMBER_OR_PASSWORD: 8441d77a586a514397e07358e665c181
    authUI.PHONE_NUMBER_EXIST: 571f8683c8a1cffb28b649847c823ebd
    authUI.INVALID_PHONE_NUMBER: 00589e3bb6d7bbb598f17fe9bfe70052
    authUI.SUBSCRIPTION_NOT_SCHEDULED_FOR_CANCELLATION: cfe6069a1ed2aa24aedb5513c9778fd2
    authUI.SUBSCRIPTION_NOT_ACTIVE: 7b1b834d062c904098c56c87fbaf9a59
    authUI.EMAIL_VERIFICATION_REQUIRED: 82ecb0883256e51015cb0028aa97e740
    authUI.FAILED_TO_FETCH_PLANS: 65fe67fcb541e479493c4985c07736bb
    authUI.UNABLE_TO_CREATE_CUSTOMER: 148338b51f0a13caaacddc6b9883cd17
    authUI.ALREADY_SUBSCRIBED_PLAN: 82c1fbe45570f2a85e49b11fe486354c
    authUI.SUBSCRIPTION_PLAN_NOT_FOUND: 0cb958f3da21a43f8518b358e6fb87e3
    authUI.SUBSCRIPTION_NOT_FOUND: 7c53de50fe4cc3b5a2a7ddae37517ae5
    authUI.INVALID_TWO_FACTOR_COOKIE: 8482ddfbda1e57d31bb242c4a4acd5a6
    authUI.TOO_MANY_ATTEMPTS_REQUEST_NEW_CODE: e2be50fe770c17dd342a80cf49035728
    authUI.INVALID_CODE: e4282a24d0473bcf155064341f71e92b
    authUI.INVALID_BACKUP_CODE: b9b5ead6bd25cf67c62321b4f8d8cb62
    authUI.BACKUP_CODES_NOT_ENABLED: f9d7a1b60b2fc161b7d4d6d5f25c320e
    authUI.TWO_FACTOR_NOT_ENABLED: 30953a55d358e3c982ae9958ac4a2d73
    authUI.TOTP_NOT_ENABLED: 9c6602fd9a7789c231b8c220bb41d6b8
    authUI.OTP_HAS_EXPIRED: d8398e566fe2ceb18241946924523225
    authUI.OTP_NOT_ENABLED: f6e49bf094b96427ee7c64ecd4e7d67f
    authUI.INVALID_USERNAME: bc3b39774fb3f4066b15a79e9134b200
    authUI.USERNAME_TOO_LONG: b2531c941b5f4995eb310030d5fea6b6
    authUI.USERNAME_TOO_SHORT: fcf918fbef214fc240e11cf4d7008800
    authUI.USERNAME_IS_ALREADY_TAKEN: b2f62e136f360d883fcc3fa5b83765d8
    authUI.INVALID_USERNAME_OR_PASSWORD: bcb4356ee2e7a196b9671acf3989741d
    authUI.SET_PASSWORD_DESCRIPTION: 1d6fa8ec7756f8042f239b97ac565b83
    authUI.SET_PASSWORD: af214972865d03cc4eb63ed9f0b75554
    authUI.SIGN_UP_EMAIL: 1bfdea4b3c28f272245b479442b6c21e
    authUI.SIGN_IN_WITH: 10fc35c1207dfc5711e182221e2bcbcf
    authUI.SIGN_IN_USERNAME_DESCRIPTION: a5a358de2a2205f3a05b5e075b2a96b9
    authUI.SIGN_IN_ACTION: 99dea78007133396a7b8ed70578ac6ae
    authUI.API_KEY: d876ff8da67c3731ae25d8335a4168b4
    authUI.DELETE_API_KEY_CONFIRM: 2b23233a7c08a3d8b770851d29062b05
    authUI.DELETE_API_KEY: 020095d110bd925eaef1d4d926c6f0e3
    authUI.REVOKE: 21313f76b111bc0df501bf89fc96ba46
    authUI.REQUEST_FAILED: b3e1f3f951a065d621dba454b2523365
    authUI.RESET_PASSWORD_ACTION: 6c9025c5d284889adb27111824de57e0
    authUI.RESEND_VERIFICATION_EMAIL: dfdf2f349b19558e6bfb34b9f1793a03
    authUI.RESEND_CODE: c3784348fba7555b26853ec6c81e533a
    authUI.RECOVER_ACCOUNT_DESCRIPTION: 16effef33995cc32a3ca952c7f25299d
    authUI.RECOVER_ACCOUNT_ACTION: 9eff5f3c2ae7ebe3d104683527d2aec8
    authUI.RECOVER_ACCOUNT: 2c80e1885960debb7add4303a2e375ba
    authUI.PROVIDERS_DESCRIPTION: bce05168fd5bab0f0cb80dfd2293dfe8
    authUI.PROVIDERS: ebb4c7315a13fbb6d59f702992052318
    authUI.PASSWORDS_DO_NOT_MATCH: 867cee98fdd724e7d5bc87f61ce657bc
    authUI.PASSWORD_REQUIRED: 47be05698f8dd87bb445ceefce6abd0d
    authUI.CREATE_ORGANIZATION_SUCCESS: 435e0545f0bbfbbbe640e9e12e54c663
    authUI.ORGANIZATION_SLUG_PLACEHOLDER: 1efb1f3fc63fc3a640015171916f0f36
    authUI.ORGANIZATION_SLUG_INSTRUCTIONS: 7d6747ae0c69e953550e99fb4ad746d7
    authUI.ORGANIZATION_SLUG_DESCRIPTION: 997fdc0426e9238a22b7fec3d30a4fe1
    authUI.ORGANIZATION_SLUG: 44d5eeae88410e85fdecd707d38f6b5e
    authUI.ORGANIZATION_NAME_INSTRUCTIONS: 1d9872bc27d142b25b907943cf7a0675
    authUI.ORGANIZATION_NAME_DESCRIPTION: f1f4e6cba2c4be80f678f6294b3fb6f5
    authUI.ORGANIZATION_NAME_PLACEHOLDER: 6760c32d3e2e5499d51a709f563ed39a
    authUI.ORGANIZATION_NAME: 49ee3087348e8d44e1feda1917443987
    authUI.ORGANIZATION: d6b258792ff06f82933c74eeb8aef591
    authUI.NO_EXPIRATION: 21f9de4a6d49964a901e9f8c1755cc52
    authUI.EXPIRES: cfc36842a01da69c484ffdcc6782f437
    authUI.NEVER_EXPIRES: 382cd804de7eeee4598f3988c822f605
    authUI.CREATE_API_KEY_SUCCESS: a26aaf7bbd233fd1f552f3419e1228c8
    authUI.API_KEY_CREATED: 46906edf876a3f62534fe9dd55b42e80
    authUI.API_KEY_NAME_PLACEHOLDER: 17dcee9df9da51b6808235edb471700a
    authUI.CREATE_API_KEY_DESCRIPTION: dc5a4d0e81f6f668d3194dbff076e77c
    authUI.CREATE_API_KEY: 35cd846f199e312c7fc78d231c4152c5
    authUI.API_KEYS_INSTRUCTIONS: 44d29c462c853803a6f0b50c08ded035
    authUI.API_KEYS_DESCRIPTION: 649a126ab346ba9414e4d28818b6ef0b
    authUI.API_KEYS: b4717f6ab3c2357c13c0c2cd32dfc4ca
    authUI.PERSONAL_ACCOUNT: cce324dc65b07096523dfa9cd6da1dff
    authUI.PASSKEYS_INSTRUCTIONS: d7e2d2d0bdd123271535d72b4ce9e4f0
    authUI.PASSKEYS_DESCRIPTION: fcebe3d766553146aef947ff0da9cc24
    authUI.PASSKEYS: f6caba65142b6763331050dec8b8509d
    authUI.OR_CONTINUE_WITH: 4038e4c17bd41abe684a20af4c2cb0be
    authUI.ONE_TIME_PASSWORD: 9578e87253f80e80ebab05d4214c58af
    authUI.NEW_PASSWORD_REQUIRED: fcda5f218a942af5275bf95a103e053f
    authUI.NEW_PASSWORD_PLACEHOLDER: ae3bb2a1ac61750150b606298091d38a
    authUI.NAME_PLACEHOLDER: 49ee3087348e8d44e1feda1917443987
    authUI.NAME_INSTRUCTIONS: 1d9872bc27d142b25b907943cf7a0675
    authUI.NAME_DESCRIPTION: db541a9f1700ce0f78d462a7ecb21a48
    authUI.NAME: 49ee3087348e8d44e1feda1917443987
    authUI.EMAIL_OTP_VERIFICATION_SENT: 84a4a37c25c95b9f53b9e33dd17fab34
    authUI.EMAIL_OTP_DESCRIPTION: 4c42eac137c9f2fcba5483b4eb4ffb6a
    authUI.EMAIL_OTP_VERIFY_ACTION: 19a670b5e88dd1c460c6848ef0aea66f
    authUI.EMAIL_OTP_SEND_ACTION: 8dab622763c6e4d607e1250d0c432dbd
    authUI.EMAIL_OTP: b7390c515c0219f47e5b3958a72e22b1
    authUI.MAGIC_LINK_EMAIL: 82b881910c019e3a75e6557ee89cf5b7
    authUI.MAGIC_LINK_DESCRIPTION: f98c66f29b795d68c32be177e558f30f
    authUI.MAGIC_LINK_ACTION: cd33b6cae1502d925b7c38d4ff43c5ac
    authUI.MAGIC_LINK: fcbd31cec3e5d1d3f51db229362467eb
    authUI.LINK: 97e7c9a7d06eac006a28bf05467fcc8b
    authUI.FORGOT_PASSWORD_EMAIL: 0d611a99a2b6139072bbbf5f10f3bc28
    authUI.FORGOT_PASSWORD_ACTION: 733ae3eecadd5777cea5ce9a32379d7a
    authUI.FORGOT_AUTHENTICATOR: 6262ad3247628118ad79f298f054ba1c
    authUI.IS_THE_SAME: 03d951ab57f73fcbf21964ddd1d38bb9
    authUI.IS_REQUIRED: 0a5fa53f3f20f67f98bd6c3b16df059d
    authUI.IS_INVALID: 998b344cff693ad388a14ba89b1523c7
    authUI.ENABLE_TWO_FACTOR: aa75dc4a4b61370144af711b1c8dfff0
    authUI.EMAIL_VERIFICATION: ae3bf409b7047299d860de058118f8e4
    authUI.EMAIL_VERIFY_CHANGE: 754d1630d4db197e64cff8740689f942
    authUI.EMAIL_REQUIRED: 2a81ce1d69a8c672b13f713fed8efbd7
    authUI.EMAIL_IS_THE_SAME: da38e890e8646963e455b0fd1e29394f
    authUI.EMAIL_INSTRUCTIONS: b5bccda6d3a04e1d8f79846355290435
    authUI.EMAIL_DESCRIPTION: adb752af25dfcb4f350a2432b2ba78e1
    authUI.DISABLED_CREDENTIALS_DESCRIPTION: 9d9fb655d2415c410742929bf5148fc9
    authUI.DISABLE_TWO_FACTOR: 2faa9be54d4e6b52eafd0e88922c9602
    authUI.DELETE_ACCOUNT_SUCCESS: cdac6e038678e7fde876bb5b4b06c116
    authUI.DELETE_ACCOUNT_VERIFY: 644b3ef8c4e09c9a409d7c987850d272
    authUI.DELETE_ACCOUNT_INSTRUCTIONS: 1d5dfb6d7fbffd533fd1c3f028e58e34
    authUI.DELETE_ACCOUNT_DESCRIPTION: 8287019f52c84ac395529994d1dbe9ed
    authUI.DELETE_ACCOUNT: bee04ef1315b3f9562be34e2e28a7831
    authUI.DELETE_AVATAR: 02e08acc962b87f8037d8225ca9a1514
    authUI.CURRENT_SESSION: c620aba920847791d92fee85fd52208d
    authUI.CURRENT_PASSWORD_PLACEHOLDER: 4bc28f132d571b160ba407e143915de2
    authUI.COPY_ALL_CODES: 35214a8920f8fe90c89fca0a0fdeb565
    authUI.COPY_TO_CLIPBOARD: a612782072a3b8f151c5e2120ef20efd
    authUI.COPIED_TO_CLIPBOARD: efc1a46f7b47e4d3cf60f13b6c89069b
    authUI.CONTINUE_WITH_AUTHENTICATOR: 4e76b6f730db8245dfa6b45a205af3eb
    authUI.CONFIRM_PASSWORD_REQUIRED: 354bc3bd43859629cafda2ff6a7378f5
    authUI.CONFIRM_PASSWORD_PLACEHOLDER: 887f7db126221fe60d18c895d41dc8f6
    authUI.CHANGE_PASSWORD_INSTRUCTIONS: 9314a77b365ea98c193a7e7537d27c16
    authUI.BACKUP_CODE: cb3f7345c29d93e140faab076ea7a677
    authUI.BACKUP_CODE_PLACEHOLDER: d1d9abc879a0d27df5ce2076ff2e9dc6
    authUI.BACKUP_CODES_DESCRIPTION: 4867e1b95c00d98ef26620dfbfb6b6f8
    authUI.BACKUP_CODES: a1ce1c6fe344a71522aa053eaaeb31d9
    authUI.BACKUP_CODE_REQUIRED: 2c1f9fea2fc7d7c8e9064e1e55b022c0
    authUI.AVATAR_INSTRUCTIONS: e8b54ad90af18d0524e1d7ed2a85f8c4
    authUI.AVATAR_DESCRIPTION: c8f5cec1cca3398c428d8f3e40c78e7b
    authUI.AVATAR: 32036005d1f6ed59803ba3e13c80993e
    authUI.ADD_PASSKEY: 4d4d292c43b67f0627811ef6597d12eb
    authUI.ADD_ACCOUNT: 1f78ae0500c549603a85262981982518
    authUI.ACCOUNTS_INSTRUCTIONS: 758b04ca54425eeec9619122bc12c186
    authUI.ACCOUNTS_DESCRIPTION: f07652180861e323d5cbb2b73d007a8b
    authUI.ACCOUNTS: 9b945efebb006547a94415eadaa12921
    billing.title: 780c462e85ba4399a5d42e88f69a15ca
    billing.perMonth: b83a2d789378cf32a12bcb6e5373e353
    billing.plans.free.name: 713e4e04022814efe47c6bd93d76fa11
    billing.plans.free.features.1: fc86db0bb8e59f6010f5b2dc23c8c0c3
    billing.plans.free.features.2: 8b2bb952efd137f23226055e8fa445d7
    billing.plans.free.features.3: fab2f58f3baa974da4631ad6761aac52
    billing.plans.free.features.4: 218c61ab2390dfaf15d0a52e18086c63
    billing.plans.free.cta: b54368b43842ac04fce8926d284b5529
    billing.plans.basic.name: 939f52b16c771377845062d2eca04872
    billing.plans.basic.features.1: 8f5b9e0e9540c7adb8037eec543f1345
    billing.plans.basic.features.2: 8b2bb952efd137f23226055e8fa445d7
    billing.plans.basic.features.3: cf5cb682d31ac070dd97a94294b9f3c3
    billing.plans.basic.features.4: 45d8c1c6a1491a870bec05cd99d26c84
    billing.plans.plus.name: 0d07f750746628760d368f63c0493328
    billing.plans.plus.features.1: 1bcf159e92cfb31f89055b41b3da7ba3
    billing.plans.plus.features.2: 8b2bb952efd137f23226055e8fa445d7
    billing.plans.plus.features.3: 734cb4b3887db56e2059978983c424c2
    billing.plans.plus.features.4: 4f6f2fff7c0119a847d2586ccf5e2e31
    billing.plans.pro.name: 2983d881cdce856c96fe355c8a86f79b
    billing.plans.pro.features.1: 2525594a0338303e987c5102c1dfc2c0
    billing.plans.pro.features.2: f3f396428a014b8738afaa5d7b3d15ad
    billing.plans.pro.features.3: 980414a1fad065cccd2e5bc61ff5171b
    billing.plans.pro.features.4: 765ced26375f27552f7ebd954a4cb862
    billing.plans.pro.trialCta: 97808c5033e44218a9a2690d3d846ffd
    billing.buttons.current: 441f54c7f0ecef11a8a652c6ed75c52e
    billing.buttons.upgrade: f683581d3e75f05f9d9215f9b4696cef
    billing.buttons.downgrade: b54368b43842ac04fce8926d284b5529
    billing.history.title: f0b3147335f3bff8a0d71eeffc09e37b
    billing.history.invoice: 466eadd40b3c10580e3ab4e8061161ce
    billing.history.date: 44749712dbec183e983dcd78a7736c41
    billing.history.plan: 0b6cbdf7ad2928078f1600a3e8979485
    billing.history.amount: b2f40690858b404ed10e62bdf422c704
    billing.history.download: 2607298669ace2fc910321afeb9f8a84
    billing.history.open: c3bf447eabe632720a3aa1a7ce401274
